
Microsoft Visual Studio Solution File, Format Version 12.00
# Visual Studio Version 16
VisualStudioVersion = 16.0.28803.156
MinimumVisualStudioVersion = 10.0.40219.1
Project("{FAE04EC0-301F-11D3-BF4B-00C04F79EFBC}") = "Supermarket", "Supermarket\Supermarket.csproj", "{3F9C9319-8B5E-4A1A-9CD5-4D12D7A59FC9}"
EndProject
Project("{FAE04EC0-301F-11D3-BF4B-00C04F79EFBC}") = "Supermarket.Domain", "Supermarket.Domain\Supermarket.Domain.csproj", "{7CCA953E-4357-4CCA-8A89-7176506B01AA}"
EndProject
Global
	GlobalSection(SolutionConfigurationPlatforms) = preSolution
		Debug|Any CPU = Debug|Any CPU
		Release|Any CPU = Release|Any CPU
	EndGlobalSection
	GlobalSection(ProjectConfigurationPlatforms) = postSolution
		{3F9C9319-8B5E-4A1A-9CD5-4D12D7A59FC9}.Debug|Any CPU.ActiveCfg = Debug|Any CPU
		{3F9C9319-8B5E-4A1A-9CD5-4D12D7A59FC9}.Debug|Any CPU.Build.0 = Debug|Any CPU
		{3F9C9319-8B5E-4A1A-9CD5-4D12D7A59FC9}.Release|Any CPU.ActiveCfg = Release|Any CPU
		{3F9C9319-8B5E-4A1A-9CD5-4D12D7A59FC9}.Release|Any CPU.Build.0 = Release|Any CPU
		{7CCA953E-4357-4CCA-8A89-7176506B01AA}.Debug|Any CPU.ActiveCfg = Debug|Any CPU
		{7CCA953E-4357-4CCA-8A89-7176506B01AA}.Debug|Any CPU.Build.0 = Debug|Any CPU
		{7CCA953E-4357-4CCA-8A89-7176506B01AA}.Release|Any CPU.ActiveCfg = Release|Any CPU
		{7CCA953E-4357-4CCA-8A89-7176506B01AA}.Release|Any CPU.Build.0 = Release|Any CPU
	EndGlobalSection
	GlobalSection(SolutionProperties) = preSolution
		HideSolutionNode = FALSE
	EndGlobalSection
	GlobalSection(ExtensibilityGlobals) = postSolution
		SolutionGuid = {C65A15EF-92B9-47C5-AEA8-9F25B6968A5B}
	EndGlobalSection
EndGlobal
